
Microsoft Visual Studio Solution File, Format Version 12.00
Project("{FAE04EC0-301F-11D3-BF4B-00C04F79EFBC}") = "Tutorial1", "Tutorial1\Tutorial1.csproj", "{6C7737B2-D2BA-4010-894A-FE571F0ABBA1}"
EndProject
Global
	GlobalSection(SolutionConfigurationPlatforms) = preSolution
		Debug|Any CPU = Debug|Any CPU
		Release|Any CPU = Release|Any CPU
	EndGlobalSection
	GlobalSection(ProjectConfigurationPlatforms) = postSolution
		{6C7737B2-D2BA-4010-894A-FE571F0ABBA1}.Debug|Any CPU.ActiveCfg = Debug|Any CPU
		{6C7737B2-D2BA-4010-894A-FE571F0ABBA1}.Debug|Any CPU.Build.0 = Debug|Any CPU
		{6C7737B2-D2BA-4010-894A-FE571F0ABBA1}.Release|Any CPU.ActiveCfg = Release|Any CPU
		{6C7737B2-D2BA-4010-894A-FE571F0ABBA1}.Release|Any CPU.Build.0 = Release|Any CPU
	EndGlobalSection
EndGlobal
